
Microsoft Visual Studio Solution File, Format Version 12.00
# Visual Studio Version 16
VisualStudioVersion = 16.0.31402.337
MinimumVisualStudioVersion = 10.0.40219.1
Project("{9A19103F-16F7-4668-BE54-9A1E7A4F7556}") = "SortingRace", "SortingRace.csproj", "{9BC854D0-EA26-4A79-A41E-7DE4DBFE614A}"
EndProject
Project("{2150E333-8FDC-42A3-9474-1A3956D46DE8}") = "Solution Items", "Solution Items", "{EEA2C22C-6823-4508-B4C4-ED1F64761C7C}"
	ProjectSection(SolutionItems) = preProject
		.editorconfig = .editorconfig
	EndProjectSection
EndProject
Global
	GlobalSection(SolutionConfigurationPlatforms) = preSolution
		Debug|Any CPU = Debug|Any CPU
		Release|Any CPU = Release|Any CPU
	EndGlobalSection
	GlobalSection(ProjectConfigurationPlatforms) = postSolution
		{9BC854D0-EA26-4A79-A41E-7DE4DBFE614A}.Debug|Any CPU.ActiveCfg = Debug|Any CPU
		{9BC854D0-EA26-4A79-A41E-7DE4DBFE614A}.Debug|Any CPU.Build.0 = Debug|Any CPU
		{9BC854D0-EA26-4A79-A41E-7DE4DBFE614A}.Release|Any CPU.ActiveCfg = Release|Any CPU
		{9BC854D0-EA26-4A79-A41E-7DE4DBFE614A}.Release|Any CPU.Build.0 = Release|Any CPU
	EndGlobalSection
	GlobalSection(SolutionProperties) = preSolution
		HideSolutionNode = FALSE
	EndGlobalSection
	GlobalSection(ExtensibilityGlobals) = postSolution
		SolutionGuid = {1A66AB7D-97C3-4343-998E-B688B66DA79F}
	EndGlobalSection
EndGlobal
